
Microsoft Visual Studio Solution File, Format Version 12.00
# Visual Studio Version 17
VisualStudioVersion = 17.2.32526.322
MinimumVisualStudioVersion = 10.0.40219.1
Project("{FAE04EC0-301F-11D3-BF4B-00C04F79EFBC}") = "Calculator", "Calculator\Calculator.csproj", "{773F6984-3874-40AB-B2DD-6DFCF2821CE5}"
EndProject
Global
	GlobalSection(SolutionConfigurationPlatforms) = preSolution
		Debug|Any CPU = Debug|Any CPU
		Release|Any CPU = Release|Any CPU
	EndGlobalSection
	GlobalSection(ProjectConfigurationPlatforms) = postSolution
		{773F6984-3874-40AB-B2DD-6DFCF2821CE5}.Debug|Any CPU.ActiveCfg = Debug|Any CPU
		{773F6984-3874-40AB-B2DD-6DFCF2821CE5}.Debug|Any CPU.Build.0 = Debug|Any CPU
		{773F6984-3874-40AB-B2DD-6DFCF2821CE5}.Release|Any CPU.ActiveCfg = Release|Any CPU
		{773F6984-3874-40AB-B2DD-6DFCF2821CE5}.Release|Any CPU.Build.0 = Release|Any CPU
	EndGlobalSection
	GlobalSection(SolutionProperties) = preSolution
		HideSolutionNode = FALSE
	EndGlobalSection
	GlobalSection(ExtensibilityGlobals) = postSolution
		SolutionGuid = {D837F98A-A1D9-4658-9F7E-27BFEAB8F192}
	EndGlobalSection
EndGlobal
